{
  "projects": [
    {
      "projectId": "o3YEW5UvCpCDMQpE6ifvxz",
      "version": "latest",
      "dependencies": {},
      "lang": "ts",
      "fileLocks": [
        {
          "type": "globalVariant",
          "assetId": "a_ppsF4Qvl",
          "checksum": "fa825590dfb69e68a50c2fddf9055093"
        },
        {
          "type": "renderModule",
          "assetId": "JrFUGAzOem",
          "checksum": "29b6c7c9a5b6dca36e9efdc40b8652d5"
        },
        {
          "type": "cssRules",
          "assetId": "JrFUGAzOem",
          "checksum": "29b6c7c9a5b6dca36e9efdc40b8652d5"
        },
        {
          "assetId": "o3YEW5UvCpCDMQpE6ifvxz",
          "type": "projectCss",
          "checksum": "f17743f319f02e02256267ddc4dd966d"
        },
        {
          "type": "renderModule",
          "assetId": "vaAb2KfNfNw",
          "checksum": "365670a34804bbe51ef9c409cc56ff61"
        },
        {
          "type": "cssRules",
          "assetId": "vaAb2KfNfNw",
          "checksum": "365670a34804bbe51ef9c409cc56ff61"
        }
      ]
    }
  ],
  "cliVersion": "0.1.161"
}
